
Microsoft Visual Studio Solution File, Format Version 12.00
# Visual Studio Version 16
VisualStudioVersion = 16.0.29326.143
MinimumVisualStudioVersion = 10.0.40219.1
Project("{FAE04EC0-301F-11D3-BF4B-00C04F79EFBC}") = "Log and Reg", "Log and Reg\Log and Reg.csproj", "{094B2EC9-4D5E-4F4D-B883-F5063124AE88}"
EndProject
Global
	GlobalSection(SolutionConfigurationPlatforms) = preSolution
		Debug|Any CPU = Debug|Any CPU
		Release|Any CPU = Release|Any CPU
	EndGlobalSection
	GlobalSection(ProjectConfigurationPlatforms) = postSolution
		{094B2EC9-4D5E-4F4D-B883-F5063124AE88}.Debug|Any CPU.ActiveCfg = Debug|Any CPU
		{094B2EC9-4D5E-4F4D-B883-F5063124AE88}.Debug|Any CPU.Build.0 = Debug|Any CPU
		{094B2EC9-4D5E-4F4D-B883-F5063124AE88}.Release|Any CPU.ActiveCfg = Release|Any CPU
		{094B2EC9-4D5E-4F4D-B883-F5063124AE88}.Release|Any CPU.Build.0 = Release|Any CPU
	EndGlobalSection
	GlobalSection(SolutionProperties) = preSolution
		HideSolutionNode = FALSE
	EndGlobalSection
	GlobalSection(ExtensibilityGlobals) = postSolution
		SolutionGuid = {1541B0EF-EC51-4E66-B96B-E2F5FA028527}
	EndGlobalSection
EndGlobal
